
Microsoft Visual Studio Solution File, Format Version 12.00
# Visual Studio Version 17
VisualStudioVersion = 17.4.33213.308
MinimumVisualStudioVersion = 10.0.40219.1
Project("{FAE04EC0-301F-11D3-BF4B-00C04F79EFBC}") = "StudentPortalProject", "StudentPortalProject\StudentPortalProject.csproj", "{364266E7-CBF5-4582-9840-7E0670345EC3}"
EndProject
Global
	GlobalSection(SolutionConfigurationPlatforms) = preSolution
		Debug|Any CPU = Debug|Any CPU
		Release|Any CPU = Release|Any CPU
	EndGlobalSection
	GlobalSection(ProjectConfigurationPlatforms) = postSolution
		{364266E7-CBF5-4582-9840-7E0670345EC3}.Debug|Any CPU.ActiveCfg = Debug|Any CPU
		{364266E7-CBF5-4582-9840-7E0670345EC3}.Debug|Any CPU.Build.0 = Debug|Any CPU
		{364266E7-CBF5-4582-9840-7E0670345EC3}.Release|Any CPU.ActiveCfg = Release|Any CPU
		{364266E7-CBF5-4582-9840-7E0670345EC3}.Release|Any CPU.Build.0 = Release|Any CPU
	EndGlobalSection
	GlobalSection(SolutionProperties) = preSolution
		HideSolutionNode = FALSE
	EndGlobalSection
	GlobalSection(ExtensibilityGlobals) = postSolution
		SolutionGuid = {003D06D8-CA55-438C-B459-1AE86A93AC95}
	EndGlobalSection
EndGlobal
